// !$*UTF8*$!
{
	archiveVersion = 1;
	classes = {
	};
	objectVersion = 46;
	objects = {

/* Begin PBXBuildFile section */
		CC986E098CA27AB4927407D4 /* main.cpp in Sources */ = {isa = PBXBuildFile; fileRef = CC9866A7260B47BE54BF7917 /* main.cpp */; };
/* End PBXBuildFile section */

/* Begin PBXCopyFilesBuildPhase section */
		CC986D9CE71EA86E7BC6DD15 /* CopyFiles */ = {
			isa = PBXCopyFilesBuildPhase;
			buildActionMask = 2147483647;
			dstPath = /usr/share/man/man1/;
			dstSubfolderSpec = 0;
			files = (
			);
			runOnlyForDeploymentPostprocessing = 1;
		};
/* End PBXCopyFilesBuildPhase section */

/* Begin PBXFileReference section */
		CC9866A7260B47BE54BF7917 /* main.cpp */ = {isa = PBXFileReference; lastKnownFileType = sourcecode.cpp.cpp; path = main.cpp; sourceTree = "<group>"; };
		CC986A00AD39FDCD4C0E4E52 /* grace_probe.float */ = {isa = PBXFileReference; lastKnownFileType = file.float; path = grace_probe.float; sourceTree = "<group>"; };
		CC986EFA62D8F9BD50FB9DF6 /* StanfordSphericalHarmonicCoefficientGenerator */ = {isa = PBXFileReference; explicitFileType = "compiled.mach-o.executable"; includeInIndex = 0; path = StanfordSphericalHarmonicCoefficientGenerator; sourceTree = BUILT_PRODUCTS_DIR; };
/* End PBXFileReference section */

/* Begin PBXFrameworksBuildPhase section */
		CC986B34CEFBFA6D6996473D /* Frameworks */ = {
			isa = PBXFrameworksBuildPhase;
			buildActionMask = 2147483647;
			files = (
			);
			runOnlyForDeploymentPostprocessing = 0;
		};
/* End PBXFrameworksBuildPhase section */

/* Begin PBXGroup section */
		CC9861890E073171F474A1BC /* Products */ = {
			isa = PBXGroup;
			children = (
				CC986EFA62D8F9BD50FB9DF6 /* StanfordSphericalHarmonicCoefficientGenerator */,
			);
			name = Products;
			sourceTree = "<group>";
		};
		CC9866788FC8F6B8A5997322 /* StanfordSphericalHarmonicCoefficientGenerator */ = {
			isa = PBXGroup;
			children = (
				CC9866A7260B47BE54BF7917 /* main.cpp */,
				CC986A00AD39FDCD4C0E4E52 /* grace_probe.float */,
			);
			path = StanfordSphericalHarmonicCoefficientGenerator;
			sourceTree = "<group>";
		};
		CC98685DEC6FD86AB752A02A = {
			isa = PBXGroup;
			children = (
				CC9861890E073171F474A1BC /* Products */,
				CC9866788FC8F6B8A5997322 /* StanfordSphericalHarmonicCoefficientGenerator */,
			);
			sourceTree = "<group>";
		};
/* End PBXGroup section */

/* Begin PBXNativeTarget section */
		CC986FDE6211C3DCF3F95CA0 /* StanfordSphericalHarmonicCoefficientGenerator */ = {
			isa = PBXNativeTarget;
			buildConfigurationList = CC9863FC1A6F69AA11ACC767 /* Build configuration list for PBXNativeTarget "StanfordSphericalHarmonicCoefficientGenerator" */;
			buildPhases = (
				CC98677F903DA7047BA0CA80 /* Sources */,
				CC986B34CEFBFA6D6996473D /* Frameworks */,
				CC986D9CE71EA86E7BC6DD15 /* CopyFiles */,
			);
			buildRules = (
			);
			dependencies = (
			);
			name = StanfordSphericalHarmonicCoefficientGenerator;
			productName = StanfordSphericalHarmonicCoefficientGenerator;
			productReference = CC986EFA62D8F9BD50FB9DF6 /* StanfordSphericalHarmonicCoefficientGenerator */;
			productType = "com.apple.product-type.tool";
		};
/* End PBXNativeTarget section */

/* Begin PBXProject section */
		CC986E920030DA450C4FC413 /* Project object */ = {
			isa = PBXProject;
			attributes = {
				ORGANIZATIONNAME = "Elastic Image Software";
			};
			buildConfigurationList = CC986BAFDB93949705A95D49 /* Build configuration list for PBXProject "StanfordSphericalHarmonicCoefficientGenerator" */;
			compatibilityVersion = "Xcode 3.2";
			developmentRegion = English;
			hasScannedForEncodings = 0;
			knownRegions = (
				en,
			);
			mainGroup = CC98685DEC6FD86AB752A02A;
			productRefGroup = CC9861890E073171F474A1BC /* Products */;
			projectDirPath = "";
			projectRoot = "";
			targets = (
				CC986FDE6211C3DCF3F95CA0 /* StanfordSphericalHarmonicCoefficientGenerator */,
			);
		};
/* End PBXProject section */

/* Begin PBXSourcesBuildPhase section */
		CC98677F903DA7047BA0CA80 /* Sources */ = {
			isa = PBXSourcesBuildPhase;
			buildActionMask = 2147483647;
			files = (
				CC986E098CA27AB4927407D4 /* main.cpp in Sources */,
			);
			runOnlyForDeploymentPostprocessing = 0;
		};
/* End PBXSourcesBuildPhase section */

/* Begin XCBuildConfiguration section */
		CC98641CAA56604173F67F25 /* Debug */ = {
			isa = XCBuildConfiguration;
			buildSettings = {
				ALWAYS_SEARCH_USER_PATHS = NO;
				CLANG_CXX_LANGUAGE_STANDARD = "gnu++0x";
				CLANG_CXX_LIBRARY = "libc++";
				CLANG_ENABLE_MODULES = YES;
				CLANG_ENABLE_OBJC_ARC = YES;
				CLANG_WARN_BOOL_CONVERSION = YES;
				CLANG_WARN_CONSTANT_CONVERSION = YES;
				CLANG_WARN_DIRECT_OBJC_ISA_USAGE = YES_ERROR;
				CLANG_WARN_EMPTY_BODY = YES;
				CLANG_WARN_ENUM_CONVERSION = YES;
				CLANG_WARN_INT_CONVERSION = YES;
				CLANG_WARN_OBJC_ROOT_CLASS = YES_ERROR;
				CLANG_WARN_UNREACHABLE_CODE = YES;
				CLANG_WARN__DUPLICATE_METHOD_MATCH = YES;
				COPY_PHASE_STRIP = NO;
				ENABLE_STRICT_OBJC_MSGSEND = YES;
				GCC_C_LANGUAGE_STANDARD = gnu99;
				GCC_DYNAMIC_NO_PIC = NO;
				GCC_OPTIMIZATION_LEVEL = 0;
				GCC_PREPROCESSOR_DEFINITIONS = (
					"DEBUG=1",
					"$(inherited)",
				);
				GCC_SYMBOLS_PRIVATE_EXTERN = NO;
				GCC_WARN_64_TO_32_BIT_CONVERSION = YES;
				GCC_WARN_ABOUT_RETURN_TYPE = YES_ERROR;
				GCC_WARN_UNDECLARED_SELECTOR = YES;
				GCC_WARN_UNINITIALIZED_AUTOS = YES_AGGRESSIVE;
				GCC_WARN_UNUSED_FUNCTION = YES;
				GCC_WARN_UNUSED_VARIABLE = YES;
				MACOSX_DEPLOYMENT_TARGET = 10.10;
				MTL_ENABLE_DEBUG_INFO = YES;
				ONLY_ACTIVE_ARCH = YES;
				SDKROOT = macosx;
			};
			name = Debug;
		};
		CC986459A45137AD6EDF4CE8 /* Release */ = {
			isa = XCBuildConfiguration;
			buildSettings = {
				PRODUCT_NAME = "$(TARGET_NAME)";
			};
			name = Release;
		};
		CC9864F8A9F088672CD0BB41 /* Release */ = {
			isa = XCBuildConfiguration;
			buildSettings = {
				ALWAYS_SEARCH_USER_PATHS = NO;
				CLANG_CXX_LANGUAGE_STANDARD = "gnu++0x";
				CLANG_CXX_LIBRARY = "libc++";
				CLANG_ENABLE_MODULES = YES;
				CLANG_ENABLE_OBJC_ARC = YES;
				CLANG_WARN_BOOL_CONVERSION = YES;
				CLANG_WARN_CONSTANT_CONVERSION = YES;
				CLANG_WARN_DIRECT_OBJC_ISA_USAGE = YES_ERROR;
				CLANG_WARN_EMPTY_BODY = YES;
				CLANG_WARN_ENUM_CONVERSION = YES;
				CLANG_WARN_INT_CONVERSION = YES;
				CLANG_WARN_OBJC_ROOT_CLASS = YES_ERROR;
				CLANG_WARN_UNREACHABLE_CODE = YES;
				CLANG_WARN__DUPLICATE_METHOD_MATCH = YES;
				COPY_PHASE_STRIP = YES;
				DEBUG_INFORMATION_FORMAT = "dwarf-with-dsym";
				ENABLE_NS_ASSERTIONS = NO;
				ENABLE_STRICT_OBJC_MSGSEND = YES;
				GCC_C_LANGUAGE_STANDARD = gnu99;
				GCC_WARN_64_TO_32_BIT_CONVERSION = YES;
				GCC_WARN_ABOUT_RETURN_TYPE = YES_ERROR;
				GCC_WARN_UNDECLARED_SELECTOR = YES;
				GCC_WARN_UNINITIALIZED_AUTOS = YES_AGGRESSIVE;
				GCC_WARN_UNUSED_FUNCTION = YES;
				GCC_WARN_UNUSED_VARIABLE = YES;
				MACOSX_DEPLOYMENT_TARGET = 10.10;
				MTL_ENABLE_DEBUG_INFO = NO;
				SDKROOT = macosx;
			};
			name = Release;
		};
		CC9869710BFBCF18415F780D /* Debug */ = {
			isa = XCBuildConfiguration;
			buildSettings = {
				PRODUCT_NAME = "$(TARGET_NAME)";
			};
			name = Debug;
		};
/* End XCBuildConfiguration section */

/* Begin XCConfigurationList section */
		CC9863FC1A6F69AA11ACC767 /* Build configuration list for PBXNativeTarget "StanfordSphericalHarmonicCoefficientGenerator" */ = {
			isa = XCConfigurationList;
			buildConfigurations = (
				CC9869710BFBCF18415F780D /* Debug */,
				CC986459A45137AD6EDF4CE8 /* Release */,
			);
			defaultConfigurationIsVisible = 0;
		};
		CC986BAFDB93949705A95D49 /* Build configuration list for PBXProject "StanfordSphericalHarmonicCoefficientGenerator" */ = {
			isa = XCConfigurationList;
			buildConfigurations = (
				CC98641CAA56604173F67F25 /* Debug */,
				CC9864F8A9F088672CD0BB41 /* Release */,
			);
			defaultConfigurationIsVisible = 0;
			defaultConfigurationName = Release;
		};
/* End XCConfigurationList section */
	};
	rootObject = CC986E920030DA450C4FC413 /* Project object */;
}
